
Microsoft Visual Studio Solution File, Format Version 12.00
# Visual Studio Version 17
VisualStudioVersion = 17.7.34009.444
MinimumVisualStudioVersion = 10.0.40219.1
Project("{FAE04EC0-301F-11D3-BF4B-00C04F79EFBC}") = "UnitTestAzimut", "UnitTestAzimut.csproj", "{3FB3C3BB-A4DC-431D-A91C-A1C54549F83C}"
EndProject
Project("{FAE04EC0-301F-11D3-BF4B-00C04F79EFBC}") = "Azimut", "..\Azimut\Azimut.csproj", "{32554159-6286-487D-92A4-9A114F21D25D}"
EndProject
Global
	GlobalSection(SolutionConfigurationPlatforms) = preSolution
		Debug|Any CPU = Debug|Any CPU
		Release|Any CPU = Release|Any CPU
	EndGlobalSection
	GlobalSection(ProjectConfigurationPlatforms) = postSolution
		{3FB3C3BB-A4DC-431D-A91C-A1C54549F83C}.Debug|Any CPU.ActiveCfg = Debug|Any CPU
		{3FB3C3BB-A4DC-431D-A91C-A1C54549F83C}.Debug|Any CPU.Build.0 = Debug|Any CPU
		{3FB3C3BB-A4DC-431D-A91C-A1C54549F83C}.Release|Any CPU.ActiveCfg = Release|Any CPU
		{3FB3C3BB-A4DC-431D-A91C-A1C54549F83C}.Release|Any CPU.Build.0 = Release|Any CPU
		{32554159-6286-487D-92A4-9A114F21D25D}.Debug|Any CPU.ActiveCfg = Debug|Any CPU
		{32554159-6286-487D-92A4-9A114F21D25D}.Debug|Any CPU.Build.0 = Debug|Any CPU
		{32554159-6286-487D-92A4-9A114F21D25D}.Release|Any CPU.ActiveCfg = Release|Any CPU
		{32554159-6286-487D-92A4-9A114F21D25D}.Release|Any CPU.Build.0 = Release|Any CPU
	EndGlobalSection
	GlobalSection(SolutionProperties) = preSolution
		HideSolutionNode = FALSE
	EndGlobalSection
	GlobalSection(ExtensibilityGlobals) = postSolution
		SolutionGuid = {E7A042F7-E859-4288-8040-087B2AB91362}
	EndGlobalSection
EndGlobal
